# THIS IS AN AUTOGENERATED FILE. DO NOT EDIT THIS FILE DIRECTLY.
# yarn lockfile v1


webpacker-pwa@^0.1.2:
  version "0.1.2"
  resolved "https://registry.yarnpkg.com/webpacker-pwa/-/webpacker-pwa-0.1.2.tgz#7b44f6f23383f830206b5c66dc1885ecc34e46d4"
  integrity sha512-DfKbInyb9Z+p4Bl+9deKJW4MSiQaqcfK24DGJnzq+c2DwzhL6GpnrXHPr7GXcXq4SLnAh4O8u1JhUGay2htkVA==
